// !$*UTF8*$!
{
	archiveVersion = 1;
	classes = {
	};
	objectVersion = 55;
	objects = {

/* Begin PBXBuildFile section */
		7719FEC02CD02BF300534C7F /* AnexarProductoController.swift in Sources */ = {isa = PBXBuildFile; fileRef = 7719FEBF2CD02BF300534C7F /* AnexarProductoController.swift */; };
		775CA04E2CCEE13C00061DCE /* ProductModel.swift in Sources */ = {isa = PBXBuildFile; fileRef = 775CA04D2CCEE13C00061DCE /* ProductModel.swift */; };
		777D20CD2CCF2DC9009E71B8 /* MainController.swift in Sources */ = {isa = PBXBuildFile; fileRef = 777D20CC2CCF2DC9009E71B8 /* MainController.swift */; };
		7783491D2CC35CA000F2509F /* AppDelegate.swift in Sources */ = {isa = PBXBuildFile; fileRef = 7783491C2CC35CA000F2509F /* AppDelegate.swift */; };
		7783491F2CC35CA000F2509F /* SceneDelegate.swift in Sources */ = {isa = PBXBuildFile; fileRef = 7783491E2CC35CA000F2509F /* SceneDelegate.swift */; };
		778349212CC35CA000F2509F /* LoginViewController.swift in Sources */ = {isa = PBXBuildFile; fileRef = 778349202CC35CA000F2509F /* LoginViewController.swift */; };
		778349242CC35CA000F2509F /* Main.storyboard in Resources */ = {isa = PBXBuildFile; fileRef = 778349222CC35CA000F2509F /* Main.storyboard */; };
		778349272CC35CA000F2509F /* AppProductos.xcdatamodeld in Sources */ = {isa = PBXBuildFile; fileRef = 778349252CC35CA000F2509F /* AppProductos.xcdatamodeld */; };
		778349292CC35CB100F2509F /* Assets.xcassets in Resources */ = {isa = PBXBuildFile; fileRef = 778349282CC35CB100F2509F /* Assets.xcassets */; };
		7783492C2CC35CB100F2509F /* LaunchScreen.storyboard in Resources */ = {isa = PBXBuildFile; fileRef = 7783492A2CC35CB100F2509F /* LaunchScreen.storyboard */; };
		778349352CC369E000F2509F /* LoginController.swift in Sources */ = {isa = PBXBuildFile; fileRef = 778349342CC369E000F2509F /* LoginController.swift */; };
		778349392CC36E0000F2509F /* ApiDataSource.swift in Sources */ = {isa = PBXBuildFile; fileRef = 778349382CC36E0000F2509F /* ApiDataSource.swift */; };
		7783493D2CC3745800F2509F /* LoginResponse.swift in Sources */ = {isa = PBXBuildFile; fileRef = 7783493C2CC3745800F2509F /* LoginResponse.swift */; };
		77B02E422CCF16A4001431F9 /* ProductTableViewCell.swift in Sources */ = {isa = PBXBuildFile; fileRef = 77B02E402CCF16A4001431F9 /* ProductTableViewCell.swift */; };
		77B02E432CCF16A4001431F9 /* ProductTableViewCell.xib in Resources */ = {isa = PBXBuildFile; fileRef = 77B02E412CCF16A4001431F9 /* ProductTableViewCell.xib */; };
		77C041652CCD973900AA088E /* MainViewController.swift in Sources */ = {isa = PBXBuildFile; fileRef = 77C041642CCD973900AA088E /* MainViewController.swift */; };
		77EC0CB52CD026620024D472 /* AnexarProductoViewController.swift in Sources */ = {isa = PBXBuildFile; fileRef = 77EC0CB42CD026620024D472 /* AnexarProductoViewController.swift */; };
/* End PBXBuildFile section */

/* Begin PBXFileReference section */
		7719FEBF2CD02BF300534C7F /* AnexarProductoController.swift */ = {isa = PBXFileReference; lastKnownFileType = sourcecode.swift; path = AnexarProductoController.swift; sourceTree = "<group>"; };
		775CA04D2CCEE13C00061DCE /* ProductModel.swift */ = {isa = PBXFileReference; lastKnownFileType = sourcecode.swift; path = ProductModel.swift; sourceTree = "<group>"; };
		777D20CC2CCF2DC9009E71B8 /* MainController.swift */ = {isa = PBXFileReference; lastKnownFileType = sourcecode.swift; path = MainController.swift; sourceTree = "<group>"; };
		778349192CC35CA000F2509F /* AppProductos.app */ = {isa = PBXFileReference; explicitFileType = wrapper.application; includeInIndex = 0; path = AppProductos.app; sourceTree = BUILT_PRODUCTS_DIR; };
		7783491C2CC35CA000F2509F /* AppDelegate.swift */ = {isa = PBXFileReference; lastKnownFileType = sourcecode.swift; path = AppDelegate.swift; sourceTree = "<group>"; };
		7783491E2CC35CA000F2509F /* SceneDelegate.swift */ = {isa = PBXFileReference; lastKnownFileType = sourcecode.swift; path = SceneDelegate.swift; sourceTree = "<group>"; };
		778349202CC35CA000F2509F /* LoginViewController.swift */ = {isa = PBXFileReference; lastKnownFileType = sourcecode.swift; path = LoginViewController.swift; sourceTree = "<group>"; };
		778349232CC35CA000F2509F /* Base */ = {isa = PBXFileReference; lastKnownFileType = file.storyboard; name = Base; path = Base.lproj/Main.storyboard; sourceTree = "<group>"; };
		778349262CC35CA000F2509F /* AppProductos.xcdatamodel */ = {isa = PBXFileReference; lastKnownFileType = wrapper.xcdatamodel; path = AppProductos.xcdatamodel; sourceTree = "<group>"; };
		778349282CC35CB100F2509F /* Assets.xcassets */ = {isa = PBXFileReference; lastKnownFileType = folder.assetcatalog; path = Assets.xcassets; sourceTree = "<group>"; };
		7783492B2CC35CB100F2509F /* Base */ = {isa = PBXFileReference; lastKnownFileType = file.storyboard; name = Base; path = Base.lproj/LaunchScreen.storyboard; sourceTree = "<group>"; };
		7783492D2CC35CB100F2509F /* Info.plist */ = {isa = PBXFileReference; lastKnownFileType = text.plist.xml; path = Info.plist; sourceTree = "<group>"; };
		778349342CC369E000F2509F /* LoginController.swift */ = {isa = PBXFileReference; lastKnownFileType = sourcecode.swift; path = LoginController.swift; sourceTree = "<group>"; };
		778349382CC36E0000F2509F /* ApiDataSource.swift */ = {isa = PBXFileReference; lastKnownFileType = sourcecode.swift; path = ApiDataSource.swift; sourceTree = "<group>"; };
		7783493C2CC3745800F2509F /* LoginResponse.swift */ = {isa = PBXFileReference; lastKnownFileType = sourcecode.swift; path = LoginResponse.swift; sourceTree = "<group>"; };
		77B02E402CCF16A4001431F9 /* ProductTableViewCell.swift */ = {isa = PBXFileReference; lastKnownFileType = sourcecode.swift; path = ProductTableViewCell.swift; sourceTree = "<group>"; };
		77B02E412CCF16A4001431F9 /* ProductTableViewCell.xib */ = {isa = PBXFileReference; lastKnownFileType = file.xib; path = ProductTableViewCell.xib; sourceTree = "<group>"; };
		77C041642CCD973900AA088E /* MainViewController.swift */ = {isa = PBXFileReference; lastKnownFileType = sourcecode.swift; path = MainViewController.swift; sourceTree = "<group>"; };
		77EC0CB42CD026620024D472 /* AnexarProductoViewController.swift */ = {isa = PBXFileReference; lastKnownFileType = sourcecode.swift; path = AnexarProductoViewController.swift; sourceTree = "<group>"; };
/* End PBXFileReference section */

/* Begin PBXFrameworksBuildPhase section */
		778349162CC35CA000F2509F /* Frameworks */ = {
			isa = PBXFrameworksBuildPhase;
			buildActionMask = 2147483647;
			files = (
			);
			runOnlyForDeploymentPostprocessing = 0;
		};
/* End PBXFrameworksBuildPhase section */

/* Begin PBXGroup section */
		778349102CC35CA000F2509F = {
			isa = PBXGroup;
			children = (
				7783491B2CC35CA000F2509F /* AppProductos */,
				7783491A2CC35CA000F2509F /* Products */,
			);
			sourceTree = "<group>";
		};
		7783491A2CC35CA000F2509F /* Products */ = {
			isa = PBXGroup;
			children = (
				778349192CC35CA000F2509F /* AppProductos.app */,
			);
			name = Products;
			sourceTree = "<group>";
		};
		7783491B2CC35CA000F2509F /* AppProductos */ = {
			isa = PBXGroup;
			children = (
				7783493B2CC3744300F2509F /* Models */,
				778349372CC36DDD00F2509F /* Networking */,
				778349362CC36DB200F2509F /* Views */,
				7783491C2CC35CA000F2509F /* AppDelegate.swift */,
				7783491E2CC35CA000F2509F /* SceneDelegate.swift */,
				778349222CC35CA000F2509F /* Main.storyboard */,
				778349282CC35CB100F2509F /* Assets.xcassets */,
				7783492A2CC35CB100F2509F /* LaunchScreen.storyboard */,
				7783492D2CC35CB100F2509F /* Info.plist */,
				778349252CC35CA000F2509F /* AppProductos.xcdatamodeld */,
			);
			path = AppProductos;
			sourceTree = "<group>";
		};
		778349332CC3697E00F2509F /* LoginView */ = {
			isa = PBXGroup;
			children = (
				778349202CC35CA000F2509F /* LoginViewController.swift */,
				778349342CC369E000F2509F /* LoginController.swift */,
			);
			path = LoginView;
			sourceTree = "<group>";
		};
		778349362CC36DB200F2509F /* Views */ = {
			isa = PBXGroup;
			children = (
				77EC0CB32CD026140024D472 /* AddProdcutView */,
				77C041632CCD95E900AA088E /* MainView */,
				778349332CC3697E00F2509F /* LoginView */,
			);
			path = Views;
			sourceTree = "<group>";
		};
		778349372CC36DDD00F2509F /* Networking */ = {
			isa = PBXGroup;
			children = (
				778349382CC36E0000F2509F /* ApiDataSource.swift */,
			);
			path = Networking;
			sourceTree = "<group>";
		};
		7783493B2CC3744300F2509F /* Models */ = {
			isa = PBXGroup;
			children = (
				7783493C2CC3745800F2509F /* LoginResponse.swift */,
				775CA04D2CCEE13C00061DCE /* ProductModel.swift */,
			);
			path = Models;
			sourceTree = "<group>";
		};
		77B02E3F2CCF167C001431F9 /* Cells */ = {
			isa = PBXGroup;
			children = (
				77B02E402CCF16A4001431F9 /* ProductTableViewCell.swift */,
				77B02E412CCF16A4001431F9 /* ProductTableViewCell.xib */,
				777D20CC2CCF2DC9009E71B8 /* MainController.swift */,
			);
			path = Cells;
			sourceTree = "<group>";
		};
		77C041632CCD95E900AA088E /* MainView */ = {
			isa = PBXGroup;
			children = (
				77B02E3F2CCF167C001431F9 /* Cells */,
				77C041642CCD973900AA088E /* MainViewController.swift */,
			);
			path = MainView;
			sourceTree = "<group>";
		};
		77EC0CB32CD026140024D472 /* AddProdcutView */ = {
			isa = PBXGroup;
			children = (
				77EC0CB42CD026620024D472 /* AnexarProductoViewController.swift */,
				7719FEBF2CD02BF300534C7F /* AnexarProductoController.swift */,
			);
			path = AddProdcutView;
			sourceTree = "<group>";
		};
/* End PBXGroup section */

/* Begin PBXNativeTarget section */
		778349182CC35CA000F2509F /* AppProductos */ = {
			isa = PBXNativeTarget;
			buildConfigurationList = 778349302CC35CB100F2509F /* Build configuration list for PBXNativeTarget "AppProductos" */;
			buildPhases = (
				778349152CC35CA000F2509F /* Sources */,
				778349162CC35CA000F2509F /* Frameworks */,
				778349172CC35CA000F2509F /* Resources */,
			);
			buildRules = (
			);
			dependencies = (
			);
			name = AppProductos;
			productName = AppProductos;
			productReference = 778349192CC35CA000F2509F /* AppProductos.app */;
			productType = "com.apple.product-type.application";
		};
/* End PBXNativeTarget section */

/* Begin PBXProject section */
		778349112CC35CA000F2509F /* Project object */ = {
			isa = PBXProject;
			attributes = {
				BuildIndependentTargetsInParallel = 1;
				KnownAssetTags = (
					LoginViewController,
				);
				LastSwiftUpdateCheck = 1320;
				LastUpgradeCheck = 1320;
				TargetAttributes = {
					778349182CC35CA000F2509F = {
						CreatedOnToolsVersion = 13.2.1;
					};
				};
			};
			buildConfigurationList = 778349142CC35CA000F2509F /* Build configuration list for PBXProject "AppProductos" */;
			compatibilityVersion = "Xcode 13.0";
			developmentRegion = en;
			hasScannedForEncodings = 0;
			knownRegions = (
				en,
				Base,
			);
			mainGroup = 778349102CC35CA000F2509F;
			productRefGroup = 7783491A2CC35CA000F2509F /* Products */;
			projectDirPath = "";
			projectRoot = "";
			targets = (
				778349182CC35CA000F2509F /* AppProductos */,
			);
		};
/* End PBXProject section */

/* Begin PBXResourcesBuildPhase section */
		778349172CC35CA000F2509F /* Resources */ = {
			isa = PBXResourcesBuildPhase;
			buildActionMask = 2147483647;
			files = (
				7783492C2CC35CB100F2509F /* LaunchScreen.storyboard in Resources */,
				77B02E432CCF16A4001431F9 /* ProductTableViewCell.xib in Resources */,
				778349292CC35CB100F2509F /* Assets.xcassets in Resources */,
				778349242CC35CA000F2509F /* Main.storyboard in Resources */,
			);
			runOnlyForDeploymentPostprocessing = 0;
		};
/* End PBXResourcesBuildPhase section */

/* Begin PBXSourcesBuildPhase section */
		778349152CC35CA000F2509F /* Sources */ = {
			isa = PBXSourcesBuildPhase;
			buildActionMask = 2147483647;
			files = (
				778349212CC35CA000F2509F /* LoginViewController.swift in Sources */,
				778349272CC35CA000F2509F /* AppProductos.xcdatamodeld in Sources */,
				7783491D2CC35CA000F2509F /* AppDelegate.swift in Sources */,
				7719FEC02CD02BF300534C7F /* AnexarProductoController.swift in Sources */,
				77EC0CB52CD026620024D472 /* AnexarProductoViewController.swift in Sources */,
				7783491F2CC35CA000F2509F /* SceneDelegate.swift in Sources */,
				775CA04E2CCEE13C00061DCE /* ProductModel.swift in Sources */,
				778349352CC369E000F2509F /* LoginController.swift in Sources */,
				778349392CC36E0000F2509F /* ApiDataSource.swift in Sources */,
				777D20CD2CCF2DC9009E71B8 /* MainController.swift in Sources */,
				77B02E422CCF16A4001431F9 /* ProductTableViewCell.swift in Sources */,
				7783493D2CC3745800F2509F /* LoginResponse.swift in Sources */,
				77C041652CCD973900AA088E /* MainViewController.swift in Sources */,
			);
			runOnlyForDeploymentPostprocessing = 0;
		};
/* End PBXSourcesBuildPhase section */

/* Begin PBXVariantGroup section */
		778349222CC35CA000F2509F /* Main.storyboard */ = {
			isa = PBXVariantGroup;
			children = (
				778349232CC35CA000F2509F /* Base */,
			);
			name = Main.storyboard;
			sourceTree = "<group>";
		};
		7783492A2CC35CB100F2509F /* LaunchScreen.storyboard */ = {
			isa = PBXVariantGroup;
			children = (
				7783492B2CC35CB100F2509F /* Base */,
			);
			name = LaunchScreen.storyboard;
			sourceTree = "<group>";
		};
/* End PBXVariantGroup section */

/* Begin XCBuildConfiguration section */
		7783492E2CC35CB100F2509F /* Debug */ = {
			isa = XCBuildConfiguration;
			buildSettings = {
				ALWAYS_SEARCH_USER_PATHS = NO;
				CLANG_ANALYZER_NONNULL = YES;
				CLANG_ANALYZER_NUMBER_OBJECT_CONVERSION = YES_AGGRESSIVE;
				CLANG_CXX_LANGUAGE_STANDARD = "gnu++17";
				CLANG_CXX_LIBRARY = "libc++";
				CLANG_ENABLE_MODULES = YES;
				CLANG_ENABLE_OBJC_ARC = YES;
				CLANG_ENABLE_OBJC_WEAK = YES;
				CLANG_WARN_BLOCK_CAPTURE_AUTORELEASING = YES;
				CLANG_WARN_BOOL_CONVERSION = YES;
				CLANG_WARN_COMMA = YES;
				CLANG_WARN_CONSTANT_CONVERSION = YES;
				CLANG_WARN_DEPRECATED_OBJC_IMPLEMENTATIONS = YES;
				CLANG_WARN_DIRECT_OBJC_ISA_USAGE = YES_ERROR;
				CLANG_WARN_DOCUMENTATION_COMMENTS = YES;
				CLANG_WARN_EMPTY_BODY = YES;
				CLANG_WARN_ENUM_CONVERSION = YES;
				CLANG_WARN_INFINITE_RECURSION = YES;
				CLANG_WARN_INT_CONVERSION = YES;
				CLANG_WARN_NON_LITERAL_NULL_CONVERSION = YES;
				CLANG_WARN_OBJC_IMPLICIT_RETAIN_SELF = YES;
				CLANG_WARN_OBJC_LITERAL_CONVERSION = YES;
				CLANG_WARN_OBJC_ROOT_CLASS = YES_ERROR;
				CLANG_WARN_QUOTED_INCLUDE_IN_FRAMEWORK_HEADER = YES;
				CLANG_WARN_RANGE_LOOP_ANALYSIS = YES;
				CLANG_WARN_STRICT_PROTOTYPES = YES;
				CLANG_WARN_SUSPICIOUS_MOVE = YES;
				CLANG_WARN_UNGUARDED_AVAILABILITY = YES_AGGRESSIVE;
				CLANG_WARN_UNREACHABLE_CODE = YES;
				CLANG_WARN__DUPLICATE_METHOD_MATCH = YES;
				COPY_PHASE_STRIP = NO;
				DEBUG_INFORMATION_FORMAT = dwarf;
				ENABLE_STRICT_OBJC_MSGSEND = YES;
				ENABLE_TESTABILITY = YES;
				GCC_C_LANGUAGE_STANDARD = gnu11;
				GCC_DYNAMIC_NO_PIC = NO;
				GCC_NO_COMMON_BLOCKS = YES;
				GCC_OPTIMIZATION_LEVEL = 0;
				GCC_PREPROCESSOR_DEFINITIONS = (
					"DEBUG=1",
					"$(inherited)",
				);
				GCC_WARN_64_TO_32_BIT_CONVERSION = YES;
				GCC_WARN_ABOUT_RETURN_TYPE = YES_ERROR;
				GCC_WARN_UNDECLARED_SELECTOR = YES;
				GCC_WARN_UNINITIALIZED_AUTOS = YES_AGGRESSIVE;
				GCC_WARN_UNUSED_FUNCTION = YES;
				GCC_WARN_UNUSED_VARIABLE = YES;
				IPHONEOS_DEPLOYMENT_TARGET = 15.2;
				MTL_ENABLE_DEBUG_INFO = INCLUDE_SOURCE;
				MTL_FAST_MATH = YES;
				ONLY_ACTIVE_ARCH = YES;
				SDKROOT = iphoneos;
				SWIFT_ACTIVE_COMPILATION_CONDITIONS = DEBUG;
				SWIFT_OPTIMIZATION_LEVEL = "-Onone";
			};
			name = Debug;
		};
		7783492F2CC35CB100F2509F /* Release */ = {
			isa = XCBuildConfiguration;
			buildSettings = {
				ALWAYS_SEARCH_USER_PATHS = NO;
				CLANG_ANALYZER_NONNULL = YES;
				CLANG_ANALYZER_NUMBER_OBJECT_CONVERSION = YES_AGGRESSIVE;
				CLANG_CXX_LANGUAGE_STANDARD = "gnu++17";
				CLANG_CXX_LIBRARY = "libc++";
				CLANG_ENABLE_MODULES = YES;
				CLANG_ENABLE_OBJC_ARC = YES;
				CLANG_ENABLE_OBJC_WEAK = YES;
				CLANG_WARN_BLOCK_CAPTURE_AUTORELEASING = YES;
				CLANG_WARN_BOOL_CONVERSION = YES;
				CLANG_WARN_COMMA = YES;
				CLANG_WARN_CONSTANT_CONVERSION = YES;
				CLANG_WARN_DEPRECATED_OBJC_IMPLEMENTATIONS = YES;
				CLANG_WARN_DIRECT_OBJC_ISA_USAGE = YES_ERROR;
				CLANG_WARN_DOCUMENTATION_COMMENTS = YES;
				CLANG_WARN_EMPTY_BODY = YES;
				CLANG_WARN_ENUM_CONVERSION = YES;
				CLANG_WARN_INFINITE_RECURSION = YES;
				CLANG_WARN_INT_CONVERSION = YES;
				CLANG_WARN_NON_LITERAL_NULL_CONVERSION = YES;
				CLANG_WARN_OBJC_IMPLICIT_RETAIN_SELF = YES;
				CLANG_WARN_OBJC_LITERAL_CONVERSION = YES;
				CLANG_WARN_OBJC_ROOT_CLASS = YES_ERROR;
				CLANG_WARN_QUOTED_INCLUDE_IN_FRAMEWORK_HEADER = YES;
				CLANG_WARN_RANGE_LOOP_ANALYSIS = YES;
				CLANG_WARN_STRICT_PROTOTYPES = YES;
				CLANG_WARN_SUSPICIOUS_MOVE = YES;
				CLANG_WARN_UNGUARDED_AVAILABILITY = YES_AGGRESSIVE;
				CLANG_WARN_UNREACHABLE_CODE = YES;
				CLANG_WARN__DUPLICATE_METHOD_MATCH = YES;
				COPY_PHASE_STRIP = NO;
				DEBUG_INFORMATION_FORMAT = "dwarf-with-dsym";
				ENABLE_NS_ASSERTIONS = NO;
				ENABLE_STRICT_OBJC_MSGSEND = YES;
				GCC_C_LANGUAGE_STANDARD = gnu11;
				GCC_NO_COMMON_BLOCKS = YES;
				GCC_WARN_64_TO_32_BIT_CONVERSION = YES;
				GCC_WARN_ABOUT_RETURN_TYPE = YES_ERROR;
				GCC_WARN_UNDECLARED_SELECTOR = YES;
				GCC_WARN_UNINITIALIZED_AUTOS = YES_AGGRESSIVE;
				GCC_WARN_UNUSED_FUNCTION = YES;
				GCC_WARN_UNUSED_VARIABLE = YES;
				IPHONEOS_DEPLOYMENT_TARGET = 15.2;
				MTL_ENABLE_DEBUG_INFO = NO;
				MTL_FAST_MATH = YES;
				SDKROOT = iphoneos;
				SWIFT_COMPILATION_MODE = wholemodule;
				SWIFT_OPTIMIZATION_LEVEL = "-O";
				VALIDATE_PRODUCT = YES;
			};
			name = Release;
		};
		778349312CC35CB100F2509F /* Debug */ = {
			isa = XCBuildConfiguration;
			buildSettings = {
				ASSETCATALOG_COMPILER_APPICON_NAME = AppIcon;
				ASSETCATALOG_COMPILER_GLOBAL_ACCENT_COLOR_NAME = AccentColor;
				CODE_SIGN_STYLE = Automatic;
				CURRENT_PROJECT_VERSION = 1;
				GENERATE_INFOPLIST_FILE = YES;
				INFOPLIST_FILE = AppProductos/Info.plist;
				INFOPLIST_KEY_UIApplicationSupportsIndirectInputEvents = YES;
				INFOPLIST_KEY_UILaunchStoryboardName = LaunchScreen;
				INFOPLIST_KEY_UIMainStoryboardFile = Main;
				INFOPLIST_KEY_UISupportedInterfaceOrientations_iPad = "UIInterfaceOrientationPortrait UIInterfaceOrientationPortraitUpsideDown UIInterfaceOrientationLandscapeLeft UIInterfaceOrientationLandscapeRight";
				INFOPLIST_KEY_UISupportedInterfaceOrientations_iPhone = "UIInterfaceOrientationPortrait UIInterfaceOrientationLandscapeLeft UIInterfaceOrientationLandscapeRight";
				LD_RUNPATH_SEARCH_PATHS = (
					"$(inherited)",
					"@executable_path/Frameworks",
				);
				MARKETING_VERSION = 1.0;
				PRODUCT_BUNDLE_IDENTIFIER = uam.AppProductos;
				PRODUCT_NAME = "$(TARGET_NAME)";
				SWIFT_EMIT_LOC_STRINGS = YES;
				SWIFT_VERSION = 5.0;
				TARGETED_DEVICE_FAMILY = "1,2";
			};
			name = Debug;
		};
		778349322CC35CB100F2509F /* Release */ = {
			isa = XCBuildConfiguration;
			buildSettings = {
				ASSETCATALOG_COMPILER_APPICON_NAME = AppIcon;
				ASSETCATALOG_COMPILER_GLOBAL_ACCENT_COLOR_NAME = AccentColor;
				CODE_SIGN_STYLE = Automatic;
				CURRENT_PROJECT_VERSION = 1;
				GENERATE_INFOPLIST_FILE = YES;
				INFOPLIST_FILE = AppProductos/Info.plist;
				INFOPLIST_KEY_UIApplicationSupportsIndirectInputEvents = YES;
				INFOPLIST_KEY_UILaunchStoryboardName = LaunchScreen;
				INFOPLIST_KEY_UIMainStoryboardFile = Main;
				INFOPLIST_KEY_UISupportedInterfaceOrientations_iPad = "UIInterfaceOrientationPortrait UIInterfaceOrientationPortraitUpsideDown UIInterfaceOrientationLandscapeLeft UIInterfaceOrientationLandscapeRight";
				INFOPLIST_KEY_UISupportedInterfaceOrientations_iPhone = "UIInterfaceOrientationPortrait UIInterfaceOrientationLandscapeLeft UIInterfaceOrientationLandscapeRight";
				LD_RUNPATH_SEARCH_PATHS = (
					"$(inherited)",
					"@executable_path/Frameworks",
				);
				MARKETING_VERSION = 1.0;
				PRODUCT_BUNDLE_IDENTIFIER = uam.AppProductos;
				PRODUCT_NAME = "$(TARGET_NAME)";
				SWIFT_EMIT_LOC_STRINGS = YES;
				SWIFT_VERSION = 5.0;
				TARGETED_DEVICE_FAMILY = "1,2";
			};
			name = Release;
		};
/* End XCBuildConfiguration section */

/* Begin XCConfigurationList section */
		778349142CC35CA000F2509F /* Build configuration list for PBXProject "AppProductos" */ = {
			isa = XCConfigurationList;
			buildConfigurations = (
				7783492E2CC35CB100F2509F /* Debug */,
				7783492F2CC35CB100F2509F /* Release */,
			);
			defaultConfigurationIsVisible = 0;
			defaultConfigurationName = Release;
		};
		778349302CC35CB100F2509F /* Build configuration list for PBXNativeTarget "AppProductos" */ = {
			isa = XCConfigurationList;
			buildConfigurations = (
				778349312CC35CB100F2509F /* Debug */,
				778349322CC35CB100F2509F /* Release */,
			);
			defaultConfigurationIsVisible = 0;
			defaultConfigurationName = Release;
		};
/* End XCConfigurationList section */

/* Begin XCVersionGroup section */
		778349252CC35CA000F2509F /* AppProductos.xcdatamodeld */ = {
			isa = XCVersionGroup;
			children = (
				778349262CC35CA000F2509F /* AppProductos.xcdatamodel */,
			);
			currentVersion = 778349262CC35CA000F2509F /* AppProductos.xcdatamodel */;
			path = AppProductos.xcdatamodeld;
			sourceTree = "<group>";
			versionGroupType = wrapper.xcdatamodel;
		};
/* End XCVersionGroup section */
	};
	rootObject = 778349112CC35CA000F2509F /* Project object */;
}
